
Microsoft Visual Studio Solution File, Format Version 12.00
# Visual Studio Version 17
VisualStudioVersion = 17.0.31903.59
MinimumVisualStudioVersion = 10.0.40219.1
Project("{FAE04EC0-301F-11D3-BF4B-00C04F79EFBC}") = "API", "API\API.csproj", "{067410DA-09BE-4858-B484-D97FA55549F5}"
EndProject
Project("{FAE04EC0-301F-11D3-BF4B-00C04F79EFBC}") = "Core", "Core\Core.csproj", "{7377630B-F1EC-4DDC-993E-904E8B808F33}"
EndProject
Project("{FAE04EC0-301F-11D3-BF4B-00C04F79EFBC}") = "Infrastructure", "Infrastructure\Infrastructure.csproj", "{0CED32AA-F526-456E-8A65-AA22B0AC3EB9}"
EndProject
Global
	GlobalSection(SolutionConfigurationPlatforms) = preSolution
		Debug|Any CPU = Debug|Any CPU
		Release|Any CPU = Release|Any CPU
	EndGlobalSection
	GlobalSection(SolutionProperties) = preSolution
		HideSolutionNode = FALSE
	EndGlobalSection
	GlobalSection(ProjectConfigurationPlatforms) = postSolution
		{067410DA-09BE-4858-B484-D97FA55549F5}.Debug|Any CPU.ActiveCfg = Debug|Any CPU
		{067410DA-09BE-4858-B484-D97FA55549F5}.Debug|Any CPU.Build.0 = Debug|Any CPU
		{067410DA-09BE-4858-B484-D97FA55549F5}.Release|Any CPU.ActiveCfg = Release|Any CPU
		{067410DA-09BE-4858-B484-D97FA55549F5}.Release|Any CPU.Build.0 = Release|Any CPU
		{7377630B-F1EC-4DDC-993E-904E8B808F33}.Debug|Any CPU.ActiveCfg = Debug|Any CPU
		{7377630B-F1EC-4DDC-993E-904E8B808F33}.Debug|Any CPU.Build.0 = Debug|Any CPU
		{7377630B-F1EC-4DDC-993E-904E8B808F33}.Release|Any CPU.ActiveCfg = Release|Any CPU
		{7377630B-F1EC-4DDC-993E-904E8B808F33}.Release|Any CPU.Build.0 = Release|Any CPU
		{0CED32AA-F526-456E-8A65-AA22B0AC3EB9}.Debug|Any CPU.ActiveCfg = Debug|Any CPU
		{0CED32AA-F526-456E-8A65-AA22B0AC3EB9}.Debug|Any CPU.Build.0 = Debug|Any CPU
		{0CED32AA-F526-456E-8A65-AA22B0AC3EB9}.Release|Any CPU.ActiveCfg = Release|Any CPU
		{0CED32AA-F526-456E-8A65-AA22B0AC3EB9}.Release|Any CPU.Build.0 = Release|Any CPU
	EndGlobalSection
EndGlobal
